
Microsoft Visual Studio Solution File, Format Version 12.00
# Visual Studio Version 17
VisualStudioVersion = 17.14.36429.23 d17.14
MinimumVisualStudioVersion = 10.0.40219.1
Project("{FAE04EC0-301F-11D3-BF4B-00C04F79EFBC}") = "pe.com.ciberelectrik.mvc", "pe.com.ciberelectrik.mvc\pe.com.ciberelectrik.mvc.csproj", "{C8CDB32E-625F-464B-A05F-4E8F14BBD8CD}"
EndProject
Global
	GlobalSection(SolutionConfigurationPlatforms) = preSolution
		Debug|Any CPU = Debug|Any CPU
		Release|Any CPU = Release|Any CPU
	EndGlobalSection
	GlobalSection(ProjectConfigurationPlatforms) = postSolution
		{C8CDB32E-625F-464B-A05F-4E8F14BBD8CD}.Debug|Any CPU.ActiveCfg = Debug|Any CPU
		{C8CDB32E-625F-464B-A05F-4E8F14BBD8CD}.Debug|Any CPU.Build.0 = Debug|Any CPU
		{C8CDB32E-625F-464B-A05F-4E8F14BBD8CD}.Release|Any CPU.ActiveCfg = Release|Any CPU
		{C8CDB32E-625F-464B-A05F-4E8F14BBD8CD}.Release|Any CPU.Build.0 = Release|Any CPU
	EndGlobalSection
	GlobalSection(SolutionProperties) = preSolution
		HideSolutionNode = FALSE
	EndGlobalSection
	GlobalSection(ExtensibilityGlobals) = postSolution
		SolutionGuid = {81AB27DB-3E0E-4ED3-8A4D-964D808D19FB}
	EndGlobalSection
EndGlobal
